
Microsoft Visual Studio Solution File, Format Version 12.00
# Visual Studio 2012
Project("{8BC9CEB8-8B4A-11D0-8D11-00A0C91BC942}") = "CountIcalHours", "CountIcalHours\CountIcalHours.vcxproj", "{FBA708B2-6959-45F7-BEC5-AA14F9C0D375}"
EndProject
Global
	GlobalSection(SolutionConfigurationPlatforms) = preSolution
		Debug|Win32 = Debug|Win32
		Release|Win32 = Release|Win32
	EndGlobalSection
	GlobalSection(ProjectConfigurationPlatforms) = postSolution
		{FBA708B2-6959-45F7-BEC5-AA14F9C0D375}.Debug|Win32.ActiveCfg = Debug|Win32
		{FBA708B2-6959-45F7-BEC5-AA14F9C0D375}.Debug|Win32.Build.0 = Debug|Win32
		{FBA708B2-6959-45F7-BEC5-AA14F9C0D375}.Release|Win32.ActiveCfg = Release|Win32
		{FBA708B2-6959-45F7-BEC5-AA14F9C0D375}.Release|Win32.Build.0 = Release|Win32
	EndGlobalSection
	GlobalSection(SolutionProperties) = preSolution
		HideSolutionNode = FALSE
	EndGlobalSection
EndGlobal
